
Microsoft Visual Studio Solution File, Format Version 12.00
Project("{FAE04EC0-301F-11D3-BF4B-00C04F79EFBC}") = "AsyncEnumerableSource", "AsyncEnumerableSource\AsyncEnumerableSource.csproj", "{C0BB25BB-4B5C-42DF-A205-7727E9EC60F8}"
EndProject
Project("{FAE04EC0-301F-11D3-BF4B-00C04F79EFBC}") = "AsyncEnumerableSource.UnitTests", "AsyncEnumerableSource.UnitTests\AsyncEnumerableSource.UnitTests.csproj", "{E00BC85E-31B8-407E-A08A-55D2522DBEE8}"
EndProject
Global
	GlobalSection(SolutionConfigurationPlatforms) = preSolution
		Debug|Any CPU = Debug|Any CPU
		Release|Any CPU = Release|Any CPU
	EndGlobalSection
	GlobalSection(ProjectConfigurationPlatforms) = postSolution
		{C0BB25BB-4B5C-42DF-A205-7727E9EC60F8}.Debug|Any CPU.ActiveCfg = Debug|Any CPU
		{C0BB25BB-4B5C-42DF-A205-7727E9EC60F8}.Debug|Any CPU.Build.0 = Debug|Any CPU
		{C0BB25BB-4B5C-42DF-A205-7727E9EC60F8}.Release|Any CPU.ActiveCfg = Release|Any CPU
		{C0BB25BB-4B5C-42DF-A205-7727E9EC60F8}.Release|Any CPU.Build.0 = Release|Any CPU
		{E00BC85E-31B8-407E-A08A-55D2522DBEE8}.Debug|Any CPU.ActiveCfg = Debug|Any CPU
		{E00BC85E-31B8-407E-A08A-55D2522DBEE8}.Debug|Any CPU.Build.0 = Debug|Any CPU
		{E00BC85E-31B8-407E-A08A-55D2522DBEE8}.Release|Any CPU.ActiveCfg = Release|Any CPU
		{E00BC85E-31B8-407E-A08A-55D2522DBEE8}.Release|Any CPU.Build.0 = Release|Any CPU
	EndGlobalSection
EndGlobal
